
Microsoft Visual Studio Solution File, Format Version 12.00
# Visual Studio Version 16
VisualStudioVersion = 16.0.31105.61
MinimumVisualStudioVersion = 10.0.40219.1
Project("{9A19103F-16F7-4668-BE54-9A1E7A4F7556}") = "ApiServer.DDD", "src\ApiServer.DDD\ApiServer.DDD.csproj", "{6109C744-D460-4E08-8847-B9B2ADE6394A}"
EndProject
Project("{2150E333-8FDC-42A3-9474-1A3956D46DE8}") = "src", "src", "{3227DFA8-CBD0-402C-A85C-1B2B3FB51A85}"
EndProject
Global
	GlobalSection(SolutionConfigurationPlatforms) = preSolution
		Debug|Any CPU = Debug|Any CPU
		Release|Any CPU = Release|Any CPU
	EndGlobalSection
	GlobalSection(ProjectConfigurationPlatforms) = postSolution
		{6109C744-D460-4E08-8847-B9B2ADE6394A}.Debug|Any CPU.ActiveCfg = Debug|Any CPU
		{6109C744-D460-4E08-8847-B9B2ADE6394A}.Debug|Any CPU.Build.0 = Debug|Any CPU
		{6109C744-D460-4E08-8847-B9B2ADE6394A}.Release|Any CPU.ActiveCfg = Release|Any CPU
		{6109C744-D460-4E08-8847-B9B2ADE6394A}.Release|Any CPU.Build.0 = Release|Any CPU
	EndGlobalSection
	GlobalSection(SolutionProperties) = preSolution
		HideSolutionNode = FALSE
	EndGlobalSection
	GlobalSection(NestedProjects) = preSolution
		{6109C744-D460-4E08-8847-B9B2ADE6394A} = {3227DFA8-CBD0-402C-A85C-1B2B3FB51A85}
	EndGlobalSection
	GlobalSection(ExtensibilityGlobals) = postSolution
		SolutionGuid = {542EF145-BFCE-44E3-994F-05178791BBE7}
	EndGlobalSection
EndGlobal
