
Microsoft Visual Studio Solution File, Format Version 12.00
# Visual Studio Version 16
VisualStudioVersion = 16.0.31105.61
MinimumVisualStudioVersion = 10.0.40219.1
Project("{9A19103F-16F7-4668-BE54-9A1E7A4F7556}") = "ApiServer.OpenApi", "src\ApiServer.OpenApi\ApiServer.OpenApi.csproj", "{6109C744-D460-4E08-8847-B9B2ADE6394A}"
EndProject
Project("{2150E333-8FDC-42A3-9474-1A3956D46DE8}") = "src", "src", "{3227DFA8-CBD0-402C-A85C-1B2B3FB51A85}"
EndProject
Project("{2150E333-8FDC-42A3-9474-1A3956D46DE8}") = "Web", "Web", "{6B75FE12-9B77-478F-9ED6-ECF01E2C5A08}"
EndProject
Project("{2150E333-8FDC-42A3-9474-1A3956D46DE8}") = "Application", "Application", "{DE48C648-E66A-452D-82DF-4F818DB6D3FD}"
EndProject
Project("{2150E333-8FDC-42A3-9474-1A3956D46DE8}") = "Domain", "Domain", "{18B3F89B-04A3-4682-AE2D-5BBC6BC77479}"
EndProject
Project("{2150E333-8FDC-42A3-9474-1A3956D46DE8}") = "Infrastructure", "Infrastructure", "{DE28EEAE-5B2B-42F6-88A6-4B9E8ACBB12A}"
EndProject
Project("{9A19103F-16F7-4668-BE54-9A1E7A4F7556}") = "ApiServer.Domain", "src\ApiServer.Domain\ApiServer.Domain.csproj", "{4AC098A5-E6D0-45B5-A580-61FDF6384A54}"
EndProject
Project("{9A19103F-16F7-4668-BE54-9A1E7A4F7556}") = "ApiServer.Infrastructure", "src\ApiServer.Infrastructure\ApiServer.Infrastructure.csproj", "{40D7FE59-F608-4CE3-A39C-B8E5E81C40DF}"
EndProject
Project("{9A19103F-16F7-4668-BE54-9A1E7A4F7556}") = "ApiServer.Application", "src\ApiServer.Application\ApiServer.Application.csproj", "{7815166D-A0AB-474D-8815-21A0D4A9F73A}"
EndProject
Project("{FAE04EC0-301F-11D3-BF4B-00C04F79EFBC}") = "ApiServer.EFCore", "src\ApiServer.EFCore\ApiServer.EFCore.csproj", "{1CA696C6-3D52-4158-BFBA-67D4F3B7F248}"
EndProject
Global
	GlobalSection(SolutionConfigurationPlatforms) = preSolution
		Debug|Any CPU = Debug|Any CPU
		Release|Any CPU = Release|Any CPU
	EndGlobalSection
	GlobalSection(ProjectConfigurationPlatforms) = postSolution
		{6109C744-D460-4E08-8847-B9B2ADE6394A}.Debug|Any CPU.ActiveCfg = Debug|Any CPU
		{6109C744-D460-4E08-8847-B9B2ADE6394A}.Debug|Any CPU.Build.0 = Debug|Any CPU
		{6109C744-D460-4E08-8847-B9B2ADE6394A}.Release|Any CPU.ActiveCfg = Release|Any CPU
		{6109C744-D460-4E08-8847-B9B2ADE6394A}.Release|Any CPU.Build.0 = Release|Any CPU
		{4AC098A5-E6D0-45B5-A580-61FDF6384A54}.Debug|Any CPU.ActiveCfg = Debug|Any CPU
		{4AC098A5-E6D0-45B5-A580-61FDF6384A54}.Debug|Any CPU.Build.0 = Debug|Any CPU
		{4AC098A5-E6D0-45B5-A580-61FDF6384A54}.Release|Any CPU.ActiveCfg = Release|Any CPU
		{4AC098A5-E6D0-45B5-A580-61FDF6384A54}.Release|Any CPU.Build.0 = Release|Any CPU
		{40D7FE59-F608-4CE3-A39C-B8E5E81C40DF}.Debug|Any CPU.ActiveCfg = Debug|Any CPU
		{40D7FE59-F608-4CE3-A39C-B8E5E81C40DF}.Debug|Any CPU.Build.0 = Debug|Any CPU
		{40D7FE59-F608-4CE3-A39C-B8E5E81C40DF}.Release|Any CPU.ActiveCfg = Release|Any CPU
		{40D7FE59-F608-4CE3-A39C-B8E5E81C40DF}.Release|Any CPU.Build.0 = Release|Any CPU
		{7815166D-A0AB-474D-8815-21A0D4A9F73A}.Debug|Any CPU.ActiveCfg = Debug|Any CPU
		{7815166D-A0AB-474D-8815-21A0D4A9F73A}.Debug|Any CPU.Build.0 = Debug|Any CPU
		{7815166D-A0AB-474D-8815-21A0D4A9F73A}.Release|Any CPU.ActiveCfg = Release|Any CPU
		{7815166D-A0AB-474D-8815-21A0D4A9F73A}.Release|Any CPU.Build.0 = Release|Any CPU
		{1CA696C6-3D52-4158-BFBA-67D4F3B7F248}.Debug|Any CPU.ActiveCfg = Debug|Any CPU
		{1CA696C6-3D52-4158-BFBA-67D4F3B7F248}.Debug|Any CPU.Build.0 = Debug|Any CPU
		{1CA696C6-3D52-4158-BFBA-67D4F3B7F248}.Release|Any CPU.ActiveCfg = Release|Any CPU
		{1CA696C6-3D52-4158-BFBA-67D4F3B7F248}.Release|Any CPU.Build.0 = Release|Any CPU
	EndGlobalSection
	GlobalSection(SolutionProperties) = preSolution
		HideSolutionNode = FALSE
	EndGlobalSection
	GlobalSection(NestedProjects) = preSolution
		{6109C744-D460-4E08-8847-B9B2ADE6394A} = {6B75FE12-9B77-478F-9ED6-ECF01E2C5A08}
		{6B75FE12-9B77-478F-9ED6-ECF01E2C5A08} = {3227DFA8-CBD0-402C-A85C-1B2B3FB51A85}
		{DE48C648-E66A-452D-82DF-4F818DB6D3FD} = {3227DFA8-CBD0-402C-A85C-1B2B3FB51A85}
		{18B3F89B-04A3-4682-AE2D-5BBC6BC77479} = {3227DFA8-CBD0-402C-A85C-1B2B3FB51A85}
		{DE28EEAE-5B2B-42F6-88A6-4B9E8ACBB12A} = {3227DFA8-CBD0-402C-A85C-1B2B3FB51A85}
		{4AC098A5-E6D0-45B5-A580-61FDF6384A54} = {18B3F89B-04A3-4682-AE2D-5BBC6BC77479}
		{40D7FE59-F608-4CE3-A39C-B8E5E81C40DF} = {DE28EEAE-5B2B-42F6-88A6-4B9E8ACBB12A}
		{7815166D-A0AB-474D-8815-21A0D4A9F73A} = {DE48C648-E66A-452D-82DF-4F818DB6D3FD}
		{1CA696C6-3D52-4158-BFBA-67D4F3B7F248} = {18B3F89B-04A3-4682-AE2D-5BBC6BC77479}
	EndGlobalSection
	GlobalSection(ExtensibilityGlobals) = postSolution
		SolutionGuid = {542EF145-BFCE-44E3-994F-05178791BBE7}
	EndGlobalSection
EndGlobal
